
Microsoft Visual Studio Solution File, Format Version 12.00
# Visual Studio Version 17
VisualStudioVersion = 17.13.35818.85 d17.13
MinimumVisualStudioVersion = 10.0.40219.1
Project("{FAE04EC0-301F-11D3-BF4B-00C04F79EFBC}") = "DGD208-Spring2025-UygarManis", "DGD208-Spring2025-UygarManis\DGD208-Spring2025-UygarManis.csproj", "{A551262A-E1A8-4232-9F6A-C07D0EDB87DA}"
EndProject
Global
	GlobalSection(SolutionConfigurationPlatforms) = preSolution
		Debug|Any CPU = Debug|Any CPU
		Release|Any CPU = Release|Any CPU
	EndGlobalSection
	GlobalSection(ProjectConfigurationPlatforms) = postSolution
		{A551262A-E1A8-4232-9F6A-C07D0EDB87DA}.Debug|Any CPU.ActiveCfg = Debug|Any CPU
		{A551262A-E1A8-4232-9F6A-C07D0EDB87DA}.Debug|Any CPU.Build.0 = Debug|Any CPU
		{A551262A-E1A8-4232-9F6A-C07D0EDB87DA}.Release|Any CPU.ActiveCfg = Release|Any CPU
		{A551262A-E1A8-4232-9F6A-C07D0EDB87DA}.Release|Any CPU.Build.0 = Release|Any CPU
	EndGlobalSection
	GlobalSection(SolutionProperties) = preSolution
		HideSolutionNode = FALSE
	EndGlobalSection
	GlobalSection(ExtensibilityGlobals) = postSolution
		SolutionGuid = {99556518-52D0-433A-A49E-62C830428E49}
	EndGlobalSection
EndGlobal
